
Microsoft Visual Studio Solution File, Format Version 12.00
# Visual Studio Version 16
VisualStudioVersion = 16.0.30404.54
MinimumVisualStudioVersion = 10.0.40219.1
Project("{9A19103F-16F7-4668-BE54-9A1E7A4F7556}") = "DotNetCoreSqlDb", "DotNetCoreSqlDb.csproj", "{6B66F06F-AE01-4465-8B3F-E9391A846249}"
EndProject
Global
	GlobalSection(SolutionConfigurationPlatforms) = preSolution
		Debug|Any CPU = Debug|Any CPU
		Release|Any CPU = Release|Any CPU
	EndGlobalSection
	GlobalSection(ProjectConfigurationPlatforms) = postSolution
		{6B66F06F-AE01-4465-8B3F-E9391A846249}.Debug|Any CPU.ActiveCfg = Debug|Any CPU
		{6B66F06F-AE01-4465-8B3F-E9391A846249}.Debug|Any CPU.Build.0 = Debug|Any CPU
		{6B66F06F-AE01-4465-8B3F-E9391A846249}.Release|Any CPU.ActiveCfg = Release|Any CPU
		{6B66F06F-AE01-4465-8B3F-E9391A846249}.Release|Any CPU.Build.0 = Release|Any CPU
	EndGlobalSection
	GlobalSection(SolutionProperties) = preSolution
		HideSolutionNode = FALSE
	EndGlobalSection
	GlobalSection(ExtensibilityGlobals) = postSolution
		SolutionGuid = {94D20E86-9705-45C6-A179-007AF172C3B9}
	EndGlobalSection
EndGlobal
